github.com/bgallie/filters v1.2.2 h1:mKPlisEKcF/MZRUKybAVT/agCfTfw6SzD80r0uuq9uA=
github.com/bgallie/filters v1.2.2/go.mod h1:2BSy+63UOCMBoNlw5UlBoc6AwZTd9YJr85hnTPP+nSM=
github.com/bgallie/filters/ascii85 v0.0.0-20210616200048-3716ccc6da1a h1:6m2otc74aU9w1qjj9MM0GZ/MuyYdeglE6QA/YzIBPYc=
github.com/bgallie/filters/ascii85 v0.0.0-20210616200048-3716ccc6da1a/go.mod h1:46ARxkJMqTY6cmYOwv6pJoH/vOkceZ0hzavRmjrz9uA=
github.com/bgallie/filters/base64 v0.0.0-20210606064605-635cfb0c7082 h1:3EGwZzxXC/7fHpCZdCduYnWB3yhjR8FhszFj75E3P90=
github.com/bgallie/filters/base64 v0.0.0-20210606064605-635cfb0c7082/go.mod h1:2TSbcJDCEtv4HbGhm69qchK3tclkL16MLQXk0vF1BV8=
github.com/bgallie/filters/flate v0.0.0-20210616200048-3716ccc6da1a h1:GoZ+SgFN/rSVqY5uLq5XQb9gwWQp5aQrk4DisKU3h00=
github.com/bgallie/filters/flate v0.0.0-20210616200048-3716ccc6da1a/go.mod h1:Uiwvsaf4rddTKabuDXzgGB9ixCxiDLuSK4aW7upnpoM=
github.com/bgallie/filters/lines v0.0.0-20210606064605-635cfb0c7082/go.mod h1:IByuEy4lVc+f9JJEofpe349AiwTBJGFl4T/qwNviZnA=
github.com/bgallie/filters/lines v0.0.0-20210616200048-3716ccc6da1a h1:hjBmBFm2GK7Gcg3QKLkdH3Utbl2U2E5RpQLUBd/dP8M=
github.com/bgallie/filters/lines v0.0.0-20210616200048-3716ccc6da1a/go.mod h1:IByuEy4lVc+f9JJEofpe349AiwTBJGFl4T/qwNviZnA=
github.com/bgallie/filters/pem v0.0.0-20210616200048-3716ccc6da1a h1:9xRlX3vKfQfGUeeHfG5Sgn0hjm00gB1zUnOG17rJZN8=
github.com/bgallie/filters/pem v0.0.0-20210616200048-3716ccc6da1a/go.mod h1:KQlX+rXRItcHx+oD30ONmtm/jg1UxUB32Dngy7ewHGU=
github.com/bgallie/jc1 v1.1.1 h1:lRzGB1TddAIcBMZzflASi+Dv10jfacRnIdI79XcLUsI=
github.com/bgallie/jc1 v1.1.1/go.mod h1:DYi1LTKWFhce4XAKhvyDp6y4cFvRmoXWq0uaCSi59Rc=
github.com/bgallie/tntengine v1.1.1 h1:QVpH6/5fY8Q3zvtR5/kBu3LjmIrIPvs4a4vMXF7kBNg=
github.com/bgallie/tntengine v1.1.1/go.mod h1:MXp7Ol9UXi2kOKNoc5ZapgB8fgBhlveRLm9+KS1fpz8=
golang.org/x/crypto v0.0.0-20210421170649-83a5a9bb288b/go.mod h1:T9bdIzuCu7OtxOm1hfPfRQxPLYneinmdGuTeoZ9dtd4=
golang.org/x/crypto v0.0.0-20210616213533-5ff15b29337e h1:gsTQYXdTw2Gq7RBsWvlQ91b+aEQ6bXFUngBGuR8sPpI=
golang.org/x/crypto v0.0.0-20210616213533-5ff15b29337e/go.mod h1:GvvjBRRGRdwPK5ydBHafDWAxML/pGHZbMvKqRZ5+Abc=
golang.org/x/net v0.0.0-20210226172049-e18ecbb05110/go.mod h1:m0MpNAwzfU5UDzcl9v0D8zg8gWTRqZa9RBIspLL5mdg=
golang.org/x/sys v0.0.0-20201119102817-f84b799fce68/go.mod h1:h1NjWce9XRLGQEsW7wpKNCjG9DtNlClVuFLEZdDNbEs=
golang.org/x/sys v0.0.0-20210615035016-665e8c7367d1 h1:SrN+KX8Art/Sf4HNj6Zcz06G7VEz+7w9tdXTPOZ7+l4=
golang.org/x/sys v0.0.0-20210615035016-665e8c7367d1/go.mod h1:oPkhp1MJrh7nUepCBck5+mAzfO9JrbApNNgaTdGDITg=
golang.org/x/term v0.0.0-20201126162022-7de9c90e9dd1 h1:v+OssWQX+hTHEmOBgwxdZxK4zHq3yOs8F9J7mk0PY8E=
golang.org/x/term v0.0.0-20201126162022-7de9c90e9dd1/go.mod h1:bj7SfCRtBDWHUb9snDiAeCFNEtKQo2Wmx5Cou7ajbmo=
golang.org/x/text v0.3.3/go.mod h1:5Zoc/QRtKVWzQhOtBMvqHzDpF6irO9z98xDceosuGiQ=
golang.org/x/tools v0.0.0-20180917221912-90fa682c2a6e/go.mod h1:n7NCudcB/nEzxVGmLbDWY5pfWTLqBcC2KZ6jyYvM4mQ=
