github.com/bgallie/filters v1.2.2/go.mod h1:2BSy+63UOCMBoNlw5UlBoc6AwZTd9YJr85hnTPP+nSM=
github.com/bgallie/filters v1.2.3 h1:EwqnPGFUseceighlK6Ys7VjB8YnEwJi2QOKUn7kZhcY=
github.com/bgallie/filters v1.2.3/go.mod h1:4Nh36ZRr7ZHlRdkz1KF5tWEmTcQpmADGFfwhMiqJlcg=
github.com/bgallie/filters/ascii85 v0.0.0-20210625142910-fd31ab2a9ba8 h1:U+QE0nSFtNuTvgrgcQ8ldGAbgeVTMwnElzO3SqXeEQk=
github.com/bgallie/filters/ascii85 v0.0.0-20210625142910-fd31ab2a9ba8/go.mod h1:46ARxkJMqTY6cmYOwv6pJoH/vOkceZ0hzavRmjrz9uA=
github.com/bgallie/filters/base64 v0.0.0-20210606064605-635cfb0c7082/go.mod h1:2TSbcJDCEtv4HbGhm69qchK3tclkL16MLQXk0vF1BV8=
github.com/bgallie/filters/base64 v0.0.0-20210616200048-3716ccc6da1a h1:ieD2nsS4h4HP80d1iY3+DobFlj3SxT2TJVkoSoFOXHQ=
github.com/bgallie/filters/base64 v0.0.0-20210616200048-3716ccc6da1a/go.mod h1:2TSbcJDCEtv4HbGhm69qchK3tclkL16MLQXk0vF1BV8=
github.com/bgallie/filters/flate v0.0.0-20210625142910-fd31ab2a9ba8 h1:ueuQMxS/Rl2d39GbFHiT0Z/xBqScUmXnzI2GVgPKVpg=
github.com/bgallie/filters/flate v0.0.0-20210625142910-fd31ab2a9ba8/go.mod h1:Uiwvsaf4rddTKabuDXzgGB9ixCxiDLuSK4aW7upnpoM=
github.com/bgallie/filters/lines v0.0.0-20210606064605-635cfb0c7082/go.mod h1:IByuEy4lVc+f9JJEofpe349AiwTBJGFl4T/qwNviZnA=
github.com/bgallie/filters/lines v0.0.0-20210616200048-3716ccc6da1a/go.mod h1:IByuEy4lVc+f9JJEofpe349AiwTBJGFl4T/qwNviZnA=
github.com/bgallie/filters/lines v0.0.0-20210625142910-fd31ab2a9ba8 h1:ypuYMrqe+foeRouFHoapGSVIQgGgvVybvPdRzQZdJbM=
github.com/bgallie/filters/lines v0.0.0-20210625142910-fd31ab2a9ba8/go.mod h1:IByuEy4lVc+f9JJEofpe349AiwTBJGFl4T/qwNviZnA=
github.com/bgallie/filters/pem v0.0.0-20210625142910-fd31ab2a9ba8 h1:sP5Gl6ec+3FAs5aXREfP4AqXZuxJBE0zh/YjotnvrFE=
github.com/bgallie/filters/pem v0.0.0-20210625142910-fd31ab2a9ba8/go.mod h1:dFT2PTnaQXS/CPbNKWPrDoCGchnGiUQm+IU2xFHxpq0=
github.com/bgallie/jc1 v1.1.1 h1:lRzGB1TddAIcBMZzflASi+Dv10jfacRnIdI79XcLUsI=
github.com/bgallie/jc1 v1.1.1/go.mod h1:DYi1LTKWFhce4XAKhvyDp6y4cFvRmoXWq0uaCSi59Rc=
github.com/bgallie/tntengine v1.1.2 h1:x7j0brkS6uESvd1E5DoZWVqEqj5wKj9xiiPaLMg3/gA=
github.com/bgallie/tntengine v1.1.2/go.mod h1:MXp7Ol9UXi2kOKNoc5ZapgB8fgBhlveRLm9+KS1fpz8=
golang.org/x/crypto v0.0.0-20210421170649-83a5a9bb288b h1:7mWr3k41Qtv8XlltBkDkl8LoP3mpSgBW8BUoxtEdbXg=
golang.org/x/crypto v0.0.0-20210421170649-83a5a9bb288b/go.mod h1:T9bdIzuCu7OtxOm1hfPfRQxPLYneinmdGuTeoZ9dtd4=
golang.org/x/net v0.0.0-20210226172049-e18ecbb05110/go.mod h1:m0MpNAwzfU5UDzcl9v0D8zg8gWTRqZa9RBIspLL5mdg=
golang.org/x/sys v0.0.0-20201119102817-f84b799fce68/go.mod h1:h1NjWce9XRLGQEsW7wpKNCjG9DtNlClVuFLEZdDNbEs=
golang.org/x/sys v0.0.0-20210615035016-665e8c7367d1 h1:SrN+KX8Art/Sf4HNj6Zcz06G7VEz+7w9tdXTPOZ7+l4=
golang.org/x/sys v0.0.0-20210615035016-665e8c7367d1/go.mod h1:oPkhp1MJrh7nUepCBck5+mAzfO9JrbApNNgaTdGDITg=
golang.org/x/term v0.0.0-20201126162022-7de9c90e9dd1/go.mod h1:bj7SfCRtBDWHUb9snDiAeCFNEtKQo2Wmx5Cou7ajbmo=
golang.org/x/term v0.0.0-20210615171337-6886f2dfbf5b h1:9zKuko04nR4gjZ4+DNjHqRlAJqbJETHwiNKDqTfOjfE=
golang.org/x/term v0.0.0-20210615171337-6886f2dfbf5b/go.mod h1:jbD1KX2456YbFQfuXm/mYQcufACuNUgVhRMnK/tPxf8=
golang.org/x/term v0.0.0-20210916214954-140adaaadfaf h1:Ihq/mm/suC88gF8WFcVwk+OV6Tq+wyA1O0E5UEvDglI=
golang.org/x/term v0.0.0-20210916214954-140adaaadfaf/go.mod h1:jbD1KX2456YbFQfuXm/mYQcufACuNUgVhRMnK/tPxf8=
golang.org/x/text v0.3.3/go.mod h1:5Zoc/QRtKVWzQhOtBMvqHzDpF6irO9z98xDceosuGiQ=
golang.org/x/tools v0.0.0-20180917221912-90fa682c2a6e/go.mod h1:n7NCudcB/nEzxVGmLbDWY5pfWTLqBcC2KZ6jyYvM4mQ=
