github.com/bgallie/filters v0.0.0-20190819023249-93d4b39acbd4/go.mod h1:ygzbjiu0CmnS2aQk/Ai/9gfLzNPORBjrMl78X0E73Ko=
github.com/bgallie/filters v0.0.0-20210206111041-41dc27d85da8 h1:xCoB4MHpwV+8o9WDtsggPS0ny1BLLdKVT6CRnBU0mFU=
github.com/bgallie/filters v0.0.0-20210206111041-41dc27d85da8/go.mod h1:65iCX9AdSc0PsSUfIAmQKH54PoGt48dBKW8+xGyHpIE=
github.com/bgallie/jc1 v0.0.0-20190327190541-8dc7b52d4d06/go.mod h1:gIntVXyW2JeIHaTkEAQarW2GAMLZVy/HZUViozmke+s=
github.com/bgallie/jc1 v0.0.0-20191126041734-2b42ac6ff2e2 h1:WVTrryi4RabMU8DUUrAx2Gk8xNVgK6euTEEQ1uOualI=
github.com/bgallie/jc1 v0.0.0-20191126041734-2b42ac6ff2e2/go.mod h1:gIntVXyW2JeIHaTkEAQarW2GAMLZVy/HZUViozmke+s=
github.com/bgallie/tnt2 v0.0.0-20191216193536-9c53074d01f8/go.mod h1:3/85vbroi3I5XOk/QjLDgh+ZfRASTJw1QOYDnQf3+3w=
github.com/bgallie/utilities v0.0.0-20190429171123-27bf190fa36b/go.mod h1:Q/JZ/uAlu/AMtWW2oV18SDg79xQEUgiuJ1eouhGR0QQ=
github.com/bgallie/utilities v0.0.0-20210206113128-9b91576ea496 h1:UJRp8plt+9u7BY42uQQD9xsqxYywPcXvbWmoAoSUwBk=
github.com/bgallie/utilities v0.0.0-20210206113128-9b91576ea496/go.mod h1:83qRV9Dygc5ubOYNsHFNx/iTuSpq/581/v1+wvm7Fis=
golang.org/x/crypto v0.0.0-20190308221718-c2843e01d9a2/go.mod h1:djNgcEr1/C05ACkg1iLfiJU5Ep61QUkGW8qpdssI0+w=
golang.org/x/crypto v0.0.0-20191122220453-ac88ee75c92c/go.mod h1:LzIPMQfyMNhhGPhUkYOs5KpL4U8rLKemX1yGLhDgUto=
golang.org/x/crypto v0.0.0-20201221181555-eec23a3978ad h1:DN0cp81fZ3njFcrLCytUHRSUkqBjfTo4Tx9RJTWs0EY=
golang.org/x/crypto v0.0.0-20201221181555-eec23a3978ad/go.mod h1:jdWPYTVW3xRLrWPugEBEK3UY2ZEsg3UU495nc5E+M+I=
golang.org/x/net v0.0.0-20190404232315-eb5bcb51f2a3/go.mod h1:t9HGtf8HONx5eT2rtn7q6eTqICYqUVnKs3thJo3Qplg=
golang.org/x/sys v0.0.0-20190215142949-d0b11bdaac8a/go.mod h1:STP8DvDyc/dI5b8T5hshtkjS+E42TnysNCUPdjciGhY=
golang.org/x/sys v0.0.0-20190412213103-97732733099d/go.mod h1:h1NjWce9XRLGQEsW7wpKNCjG9DtNlClVuFLEZdDNbEs=
golang.org/x/sys v0.0.0-20191026070338-33540a1f6037 h1:YyJpGZS1sBuBCzLAR1VEpK193GlqGZbnPFnPV/5Rsb4=
golang.org/x/sys v0.0.0-20191026070338-33540a1f6037/go.mod h1:h1NjWce9XRLGQEsW7wpKNCjG9DtNlClVuFLEZdDNbEs=
golang.org/x/term v0.0.0-20201117132131-f5c789dd3221 h1:/ZHdbVpdR/jk3g30/d4yUL0JU9kksj8+F/bnQUVLGDM=
golang.org/x/term v0.0.0-20201117132131-f5c789dd3221/go.mod h1:Nr5EML6q2oocZ2LXRh80K7BxOlk5/8JxuGnuhpl+muw=
golang.org/x/text v0.3.0/go.mod h1:NqM8EUOU14njkJ3fqMW+pc6Ldnwhi/IjpwHt7yyuwOQ=
